// !$*UTF8*$!
{
	archiveVersion = 1;
	classes = {
	};
	objectVersion = 77;
	objects = {

/* Begin PBXContainerItemProxy section */
		5EF8DD1A2ECB276B0097FB83 /* PBXContainerItemProxy */ = {
			isa = PBXContainerItemProxy;
			containerPortal = 5EF8DD042ECB27690097FB83 /* Project object */;
			proxyType = 1;
			remoteGlobalIDString = 5EF8DD0B2ECB27690097FB83;
			remoteInfo = Todoist;
		};
		5EF8DD242ECB276B0097FB83 /* PBXContainerItemProxy */ = {
			isa = PBXContainerItemProxy;
			containerPortal = 5EF8DD042ECB27690097FB83 /* Project object */;
			proxyType = 1;
			remoteGlobalIDString = 5EF8DD0B2ECB27690097FB83;
			remoteInfo = Todoist;
		};
/* End PBXContainerItemProxy section */

/* Begin PBXFileReference section */
		5EF8DD0C2ECB27690097FB83 /* Todoist.app */ = {isa = PBXFileReference; explicitFileType = wrapper.application; includeInIndex = 0; path = Todoist.app; sourceTree = BUILT_PRODUCTS_DIR; };
		5EF8DD192ECB276B0097FB83 /* TodoistTests.xctest */ = {isa = PBXFileReference; explicitFileType = wrapper.cfbundle; includeInIndex = 0; path = TodoistTests.xctest; sourceTree = BUILT_PRODUCTS_DIR; };
		5EF8DD232ECB276B0097FB83 /* TodoistUITests.xctest */ = {isa = PBXFileReference; explicitFileType = wrapper.cfbundle; includeInIndex = 0; path = TodoistUITests.xctest; sourceTree = BUILT_PRODUCTS_DIR; };
/* End PBXFileReference section */

/* Begin PBXFileSystemSynchronizedRootGroup section */
		5EF8DD0E2ECB27690097FB83 /* Todoist */ = {
			isa = PBXFileSystemSynchronizedRootGroup;
			path = Todoist;
			sourceTree = "<group>";
		};
		5EF8DD1C2ECB276B0097FB83 /* TodoistTests */ = {
			isa = PBXFileSystemSynchronizedRootGroup;
			path = TodoistTests;
			sourceTree = "<group>";
		};
		5EF8DD262ECB276B0097FB83 /* TodoistUITests */ = {
			isa = PBXFileSystemSynchronizedRootGroup;
			path = TodoistUITests;
			sourceTree = "<group>";
		};
/* End PBXFileSystemSynchronizedRootGroup section */

/* Begin PBXFrameworksBuildPhase section */
		5EF8DD092ECB27690097FB83 /* Frameworks */ = {
			isa = PBXFrameworksBuildPhase;
			buildActionMask = 2147483647;
			files = (
			);
			runOnlyForDeploymentPostprocessing = 0;
		};
		5EF8DD162ECB276B0097FB83 /* Frameworks */ = {
			isa = PBXFrameworksBuildPhase;
			buildActionMask = 2147483647;
			files = (
			);
			runOnlyForDeploymentPostprocessing = 0;
		};
		5EF8DD202ECB276B0097FB83 /* Frameworks */ = {
			isa = PBXFrameworksBuildPhase;
			buildActionMask = 2147483647;
			files = (
			);
			runOnlyForDeploymentPostprocessing = 0;
		};
/* End PBXFrameworksBuildPhase section */

/* Begin PBXGroup section */
		5EF8DD032ECB27690097FB83 = {
			isa = PBXGroup;
			children = (
				5EF8DD0E2ECB27690097FB83 /* Todoist */,
				5EF8DD1C2ECB276B0097FB83 /* TodoistTests */,
				5EF8DD262ECB276B0097FB83 /* TodoistUITests */,
				5EF8DD0D2ECB27690097FB83 /* Products */,
			);
			sourceTree = "<group>";
		};
		5EF8DD0D2ECB27690097FB83 /* Products */ = {
			isa = PBXGroup;
			children = (
				5EF8DD0C2ECB27690097FB83 /* Todoist.app */,
				5EF8DD192ECB276B0097FB83 /* TodoistTests.xctest */,
				5EF8DD232ECB276B0097FB83 /* TodoistUITests.xctest */,
			);
			name = Products;
			sourceTree = "<group>";
		};
/* End PBXGroup section */

/* Begin PBXNativeTarget section */
		5EF8DD0B2ECB27690097FB83 /* Todoist */ = {
			isa = PBXNativeTarget;
			buildConfigurationList = 5EF8DD2D2ECB276B0097FB83 /* Build configuration list for PBXNativeTarget "Todoist" */;
			buildPhases = (
				5EF8DD082ECB27690097FB83 /* Sources */,
				5EF8DD092ECB27690097FB83 /* Frameworks */,
				5EF8DD0A2ECB27690097FB83 /* Resources */,
			);
			buildRules = (
			);
			dependencies = (
			);
			fileSystemSynchronizedGroups = (
				5EF8DD0E2ECB27690097FB83 /* Todoist */,
			);
			name = Todoist;
			packageProductDependencies = (
			);
			productName = Todoist;
			productReference = 5EF8DD0C2ECB27690097FB83 /* Todoist.app */;
			productType = "com.apple.product-type.application";
		};
		5EF8DD182ECB276B0097FB83 /* TodoistTests */ = {
			isa = PBXNativeTarget;
			buildConfigurationList = 5EF8DD302ECB276B0097FB83 /* Build configuration list for PBXNativeTarget "TodoistTests" */;
			buildPhases = (
				5EF8DD152ECB276B0097FB83 /* Sources */,
				5EF8DD162ECB276B0097FB83 /* Frameworks */,
				5EF8DD172ECB276B0097FB83 /* Resources */,
			);
			buildRules = (
			);
			dependencies = (
				5EF8DD1B2ECB276B0097FB83 /* PBXTargetDependency */,
			);
			fileSystemSynchronizedGroups = (
				5EF8DD1C2ECB276B0097FB83 /* TodoistTests */,
			);
			name = TodoistTests;
			packageProductDependencies = (
			);
			productName = TodoistTests;
			productReference = 5EF8DD192ECB276B0097FB83 /* TodoistTests.xctest */;
			productType = "com.apple.product-type.bundle.unit-test";
		};
		5EF8DD222ECB276B0097FB83 /* TodoistUITests */ = {
			isa = PBXNativeTarget;
			buildConfigurationList = 5EF8DD332ECB276B0097FB83 /* Build configuration list for PBXNativeTarget "TodoistUITests" */;
			buildPhases = (
				5EF8DD1F2ECB276B0097FB83 /* Sources */,
				5EF8DD202ECB276B0097FB83 /* Frameworks */,
				5EF8DD212ECB276B0097FB83 /* Resources */,
			);
			buildRules = (
			);
			dependencies = (
				5EF8DD252ECB276B0097FB83 /* PBXTargetDependency */,
			);
			fileSystemSynchronizedGroups = (
				5EF8DD262ECB276B0097FB83 /* TodoistUITests */,
			);
			name = TodoistUITests;
			packageProductDependencies = (
			);
			productName = TodoistUITests;
			productReference = 5EF8DD232ECB276B0097FB83 /* TodoistUITests.xctest */;
			productType = "com.apple.product-type.bundle.ui-testing";
		};
/* End PBXNativeTarget section */

/* Begin PBXProject section */
		5EF8DD042ECB27690097FB83 /* Project object */ = {
			isa = PBXProject;
			attributes = {
				BuildIndependentTargetsInParallel = 1;
				LastSwiftUpdateCheck = 1640;
				LastUpgradeCheck = 1640;
				TargetAttributes = {
					5EF8DD0B2ECB27690097FB83 = {
						CreatedOnToolsVersion = 16.4;
					};
					5EF8DD182ECB276B0097FB83 = {
						CreatedOnToolsVersion = 16.4;
						TestTargetID = 5EF8DD0B2ECB27690097FB83;
					};
					5EF8DD222ECB276B0097FB83 = {
						CreatedOnToolsVersion = 16.4;
						TestTargetID = 5EF8DD0B2ECB27690097FB83;
					};
				};
			};
			buildConfigurationList = 5EF8DD072ECB27690097FB83 /* Build configuration list for PBXProject "Todoist" */;
			developmentRegion = en;
			hasScannedForEncodings = 0;
			knownRegions = (
				en,
				Base,
			);
			mainGroup = 5EF8DD032ECB27690097FB83;
			minimizedProjectReferenceProxies = 1;
			preferredProjectObjectVersion = 77;
			productRefGroup = 5EF8DD0D2ECB27690097FB83 /* Products */;
			projectDirPath = "";
			projectRoot = "";
			targets = (
				5EF8DD0B2ECB27690097FB83 /* Todoist */,
				5EF8DD182ECB276B0097FB83 /* TodoistTests */,
				5EF8DD222ECB276B0097FB83 /* TodoistUITests */,
			);
		};
/* End PBXProject section */

/* Begin PBXResourcesBuildPhase section */
		5EF8DD0A2ECB27690097FB83 /* Resources */ = {
			isa = PBXResourcesBuildPhase;
			buildActionMask = 2147483647;
			files = (
			);
			runOnlyForDeploymentPostprocessing = 0;
		};
		5EF8DD172ECB276B0097FB83 /* Resources */ = {
			isa = PBXResourcesBuildPhase;
			buildActionMask = 2147483647;
			files = (
			);
			runOnlyForDeploymentPostprocessing = 0;
		};
		5EF8DD212ECB276B0097FB83 /* Resources */ = {
			isa = PBXResourcesBuildPhase;
			buildActionMask = 2147483647;
			files = (
			);
			runOnlyForDeploymentPostprocessing = 0;
		};
/* End PBXResourcesBuildPhase section */

/* Begin PBXSourcesBuildPhase section */
		5EF8DD082ECB27690097FB83 /* Sources */ = {
			isa = PBXSourcesBuildPhase;
			buildActionMask = 2147483647;
			files = (
			);
			runOnlyForDeploymentPostprocessing = 0;
		};
		5EF8DD152ECB276B0097FB83 /* Sources */ = {
			isa = PBXSourcesBuildPhase;
			buildActionMask = 2147483647;
			files = (
			);
			runOnlyForDeploymentPostprocessing = 0;
		};
		5EF8DD1F2ECB276B0097FB83 /* Sources */ = {
			isa = PBXSourcesBuildPhase;
			buildActionMask = 2147483647;
			files = (
			);
			runOnlyForDeploymentPostprocessing = 0;
		};
/* End PBXSourcesBuildPhase section */

/* Begin PBXTargetDependency section */
		5EF8DD1B2ECB276B0097FB83 /* PBXTargetDependency */ = {
			isa = PBXTargetDependency;
			target = 5EF8DD0B2ECB27690097FB83 /* Todoist */;
			targetProxy = 5EF8DD1A2ECB276B0097FB83 /* PBXContainerItemProxy */;
		};
		5EF8DD252ECB276B0097FB83 /* PBXTargetDependency */ = {
			isa = PBXTargetDependency;
			target = 5EF8DD0B2ECB27690097FB83 /* Todoist */;
			targetProxy = 5EF8DD242ECB276B0097FB83 /* PBXContainerItemProxy */;
		};
/* End PBXTargetDependency section */

/* Begin XCBuildConfiguration section */
		5EF8DD2B2ECB276B0097FB83 /* Debug */ = {
			isa = XCBuildConfiguration;
			buildSettings = {
				ALWAYS_SEARCH_USER_PATHS = NO;
				ASSETCATALOG_COMPILER_GENERATE_SWIFT_ASSET_SYMBOL_EXTENSIONS = YES;
				CLANG_ANALYZER_NONNULL = YES;
				CLANG_ANALYZER_NUMBER_OBJECT_CONVERSION = YES_AGGRESSIVE;
				CLANG_CXX_LANGUAGE_STANDARD = "gnu++20";
				CLANG_ENABLE_MODULES = YES;
				CLANG_ENABLE_OBJC_ARC = YES;
				CLANG_ENABLE_OBJC_WEAK = YES;
				CLANG_WARN_BLOCK_CAPTURE_AUTORELEASING = YES;
				CLANG_WARN_BOOL_CONVERSION = YES;
				CLANG_WARN_COMMA = YES;
				CLANG_WARN_CONSTANT_CONVERSION = YES;
				CLANG_WARN_DEPRECATED_OBJC_IMPLEMENTATIONS = YES;
				CLANG_WARN_DIRECT_OBJC_ISA_USAGE = YES_ERROR;
				CLANG_WARN_DOCUMENTATION_COMMENTS = YES;
				CLANG_WARN_EMPTY_BODY = YES;
				CLANG_WARN_ENUM_CONVERSION = YES;
				CLANG_WARN_INFINITE_RECURSION = YES;
				CLANG_WARN_INT_CONVERSION = YES;
				CLANG_WARN_NON_LITERAL_NULL_CONVERSION = YES;
				CLANG_WARN_OBJC_IMPLICIT_RETAIN_SELF = YES;
				CLANG_WARN_OBJC_LITERAL_CONVERSION = YES;
				CLANG_WARN_OBJC_ROOT_CLASS = YES_ERROR;
				CLANG_WARN_QUOTED_INCLUDE_IN_FRAMEWORK_HEADER = YES;
				CLANG_WARN_RANGE_LOOP_ANALYSIS = YES;
				CLANG_WARN_STRICT_PROTOTYPES = YES;
				CLANG_WARN_SUSPICIOUS_MOVE = YES;
				CLANG_WARN_UNGUARDED_AVAILABILITY = YES_AGGRESSIVE;
				CLANG_WARN_UNREACHABLE_CODE = YES;
				CLANG_WARN__DUPLICATE_METHOD_MATCH = YES;
				COPY_PHASE_STRIP = NO;
				DEBUG_INFORMATION_FORMAT = dwarf;
				DEVELOPMENT_TEAM = 4H2ZA5ZXK3;
				ENABLE_STRICT_OBJC_MSGSEND = YES;
				ENABLE_TESTABILITY = YES;
				ENABLE_USER_SCRIPT_SANDBOXING = YES;
				GCC_C_LANGUAGE_STANDARD = gnu17;
				GCC_DYNAMIC_NO_PIC = NO;
				GCC_NO_COMMON_BLOCKS = YES;
				GCC_OPTIMIZATION_LEVEL = 0;
				GCC_PREPROCESSOR_DEFINITIONS = (
					"DEBUG=1",
					"$(inherited)",
				);
				GCC_WARN_64_TO_32_BIT_CONVERSION = YES;
				GCC_WARN_ABOUT_RETURN_TYPE = YES_ERROR;
				GCC_WARN_UNDECLARED_SELECTOR = YES;
				GCC_WARN_UNINITIALIZED_AUTOS = YES_AGGRESSIVE;
				GCC_WARN_UNUSED_FUNCTION = YES;
				GCC_WARN_UNUSED_VARIABLE = YES;
				IPHONEOS_DEPLOYMENT_TARGET = 18.5;
				LOCALIZATION_PREFERS_STRING_CATALOGS = YES;
				MTL_ENABLE_DEBUG_INFO = INCLUDE_SOURCE;
				MTL_FAST_MATH = YES;
				ONLY_ACTIVE_ARCH = YES;
				SDKROOT = iphoneos;
				SWIFT_ACTIVE_COMPILATION_CONDITIONS = "DEBUG $(inherited)";
				SWIFT_OPTIMIZATION_LEVEL = "-Onone";
			};
			name = Debug;
		};
		5EF8DD2C2ECB276B0097FB83 /* Release */ = {
			isa = XCBuildConfiguration;
			buildSettings = {
				ALWAYS_SEARCH_USER_PATHS = NO;
				ASSETCATALOG_COMPILER_GENERATE_SWIFT_ASSET_SYMBOL_EXTENSIONS = YES;
				CLANG_ANALYZER_NONNULL = YES;
				CLANG_ANALYZER_NUMBER_OBJECT_CONVERSION = YES_AGGRESSIVE;
				CLANG_CXX_LANGUAGE_STANDARD = "gnu++20";
				CLANG_ENABLE_MODULES = YES;
				CLANG_ENABLE_OBJC_ARC = YES;
				CLANG_ENABLE_OBJC_WEAK = YES;
				CLANG_WARN_BLOCK_CAPTURE_AUTORELEASING = YES;
				CLANG_WARN_BOOL_CONVERSION = YES;
				CLANG_WARN_COMMA = YES;
				CLANG_WARN_CONSTANT_CONVERSION = YES;
				CLANG_WARN_DEPRECATED_OBJC_IMPLEMENTATIONS = YES;
				CLANG_WARN_DIRECT_OBJC_ISA_USAGE = YES_ERROR;
				CLANG_WARN_DOCUMENTATION_COMMENTS = YES;
				CLANG_WARN_EMPTY_BODY = YES;
				CLANG_WARN_ENUM_CONVERSION = YES;
				CLANG_WARN_INFINITE_RECURSION = YES;
				CLANG_WARN_INT_CONVERSION = YES;
				CLANG_WARN_NON_LITERAL_NULL_CONVERSION = YES;
				CLANG_WARN_OBJC_IMPLICIT_RETAIN_SELF = YES;
				CLANG_WARN_OBJC_LITERAL_CONVERSION = YES;
				CLANG_WARN_OBJC_ROOT_CLASS = YES_ERROR;
				CLANG_WARN_QUOTED_INCLUDE_IN_FRAMEWORK_HEADER = YES;
				CLANG_WARN_RANGE_LOOP_ANALYSIS = YES;
				CLANG_WARN_STRICT_PROTOTYPES = YES;
				CLANG_WARN_SUSPICIOUS_MOVE = YES;
				CLANG_WARN_UNGUARDED_AVAILABILITY = YES_AGGRESSIVE;
				CLANG_WARN_UNREACHABLE_CODE = YES;
				CLANG_WARN__DUPLICATE_METHOD_MATCH = YES;
				COPY_PHASE_STRIP = NO;
				DEBUG_INFORMATION_FORMAT = "dwarf-with-dsym";
				DEVELOPMENT_TEAM = 4H2ZA5ZXK3;
				ENABLE_NS_ASSERTIONS = NO;
				ENABLE_STRICT_OBJC_MSGSEND = YES;
				ENABLE_USER_SCRIPT_SANDBOXING = YES;
				GCC_C_LANGUAGE_STANDARD = gnu17;
				GCC_NO_COMMON_BLOCKS = YES;
				GCC_WARN_64_TO_32_BIT_CONVERSION = YES;
				GCC_WARN_ABOUT_RETURN_TYPE = YES_ERROR;
				GCC_WARN_UNDECLARED_SELECTOR = YES;
				GCC_WARN_UNINITIALIZED_AUTOS = YES_AGGRESSIVE;
				GCC_WARN_UNUSED_FUNCTION = YES;
				GCC_WARN_UNUSED_VARIABLE = YES;
				IPHONEOS_DEPLOYMENT_TARGET = 18.5;
				LOCALIZATION_PREFERS_STRING_CATALOGS = YES;
				MTL_ENABLE_DEBUG_INFO = NO;
				MTL_FAST_MATH = YES;
				SDKROOT = iphoneos;
				SWIFT_COMPILATION_MODE = wholemodule;
				VALIDATE_PRODUCT = YES;
			};
			name = Release;
		};
		5EF8DD2E2ECB276B0097FB83 /* Debug */ = {
			isa = XCBuildConfiguration;
			buildSettings = {
				ASSETCATALOG_COMPILER_APPICON_NAME = AppIcon;
				ASSETCATALOG_COMPILER_GLOBAL_ACCENT_COLOR_NAME = AccentColor;
				CODE_SIGN_STYLE = Automatic;
				CURRENT_PROJECT_VERSION = 1;
				DEVELOPMENT_TEAM = 4H2ZA5ZXK3;
				ENABLE_PREVIEWS = YES;
				GENERATE_INFOPLIST_FILE = YES;
				INFOPLIST_KEY_UIApplicationSceneManifest_Generation = YES;
				INFOPLIST_KEY_UIApplicationSupportsIndirectInputEvents = YES;
				INFOPLIST_KEY_UILaunchScreen_Generation = YES;
				INFOPLIST_KEY_UISupportedInterfaceOrientations_iPad = "UIInterfaceOrientationPortrait UIInterfaceOrientationPortraitUpsideDown UIInterfaceOrientationLandscapeLeft UIInterfaceOrientationLandscapeRight";
				INFOPLIST_KEY_UISupportedInterfaceOrientations_iPhone = "UIInterfaceOrientationPortrait UIInterfaceOrientationLandscapeLeft UIInterfaceOrientationLandscapeRight";
				LD_RUNPATH_SEARCH_PATHS = (
					"$(inherited)",
					"@executable_path/Frameworks",
				);
				MARKETING_VERSION = 1.0;
				PRODUCT_BUNDLE_IDENTIFIER = com.amina.Todoist;
				PRODUCT_NAME = "$(TARGET_NAME)";
				SWIFT_EMIT_LOC_STRINGS = YES;
				SWIFT_VERSION = 5.0;
				TARGETED_DEVICE_FAMILY = "1,2";
			};
			name = Debug;
		};
		5EF8DD2F2ECB276B0097FB83 /* Release */ = {
			isa = XCBuildConfiguration;
			buildSettings = {
				ASSETCATALOG_COMPILER_APPICON_NAME = AppIcon;
				ASSETCATALOG_COMPILER_GLOBAL_ACCENT_COLOR_NAME = AccentColor;
				CODE_SIGN_STYLE = Automatic;
				CURRENT_PROJECT_VERSION = 1;
				DEVELOPMENT_TEAM = 4H2ZA5ZXK3;
				ENABLE_PREVIEWS = YES;
				GENERATE_INFOPLIST_FILE = YES;
				INFOPLIST_KEY_UIApplicationSceneManifest_Generation = YES;
				INFOPLIST_KEY_UIApplicationSupportsIndirectInputEvents = YES;
				INFOPLIST_KEY_UILaunchScreen_Generation = YES;
				INFOPLIST_KEY_UISupportedInterfaceOrientations_iPad = "UIInterfaceOrientationPortrait UIInterfaceOrientationPortraitUpsideDown UIInterfaceOrientationLandscapeLeft UIInterfaceOrientationLandscapeRight";
				INFOPLIST_KEY_UISupportedInterfaceOrientations_iPhone = "UIInterfaceOrientationPortrait UIInterfaceOrientationLandscapeLeft UIInterfaceOrientationLandscapeRight";
				LD_RUNPATH_SEARCH_PATHS = (
					"$(inherited)",
					"@executable_path/Frameworks",
				);
				MARKETING_VERSION = 1.0;
				PRODUCT_BUNDLE_IDENTIFIER = com.amina.Todoist;
				PRODUCT_NAME = "$(TARGET_NAME)";
				SWIFT_EMIT_LOC_STRINGS = YES;
				SWIFT_VERSION = 5.0;
				TARGETED_DEVICE_FAMILY = "1,2";
			};
			name = Release;
		};
		5EF8DD312ECB276B0097FB83 /* Debug */ = {
			isa = XCBuildConfiguration;
			buildSettings = {
				BUNDLE_LOADER = "$(TEST_HOST)";
				CODE_SIGN_STYLE = Automatic;
				CURRENT_PROJECT_VERSION = 1;
				DEVELOPMENT_TEAM = 4H2ZA5ZXK3;
				GENERATE_INFOPLIST_FILE = YES;
				IPHONEOS_DEPLOYMENT_TARGET = 18.5;
				MARKETING_VERSION = 1.0;
				PRODUCT_BUNDLE_IDENTIFIER = com.amina.TodoistTests;
				PRODUCT_NAME = "$(TARGET_NAME)";
				SWIFT_EMIT_LOC_STRINGS = NO;
				SWIFT_VERSION = 5.0;
				TARGETED_DEVICE_FAMILY = "1,2";
				TEST_HOST = "$(BUILT_PRODUCTS_DIR)/Todoist.app/$(BUNDLE_EXECUTABLE_FOLDER_PATH)/Todoist";
			};
			name = Debug;
		};
		5EF8DD322ECB276B0097FB83 /* Release */ = {
			isa = XCBuildConfiguration;
			buildSettings = {
				BUNDLE_LOADER = "$(TEST_HOST)";
				CODE_SIGN_STYLE = Automatic;
				CURRENT_PROJECT_VERSION = 1;
				DEVELOPMENT_TEAM = 4H2ZA5ZXK3;
				GENERATE_INFOPLIST_FILE = YES;
				IPHONEOS_DEPLOYMENT_TARGET = 18.5;
				MARKETING_VERSION = 1.0;
				PRODUCT_BUNDLE_IDENTIFIER = com.amina.TodoistTests;
				PRODUCT_NAME = "$(TARGET_NAME)";
				SWIFT_EMIT_LOC_STRINGS = NO;
				SWIFT_VERSION = 5.0;
				TARGETED_DEVICE_FAMILY = "1,2";
				TEST_HOST = "$(BUILT_PRODUCTS_DIR)/Todoist.app/$(BUNDLE_EXECUTABLE_FOLDER_PATH)/Todoist";
			};
			name = Release;
		};
		5EF8DD342ECB276B0097FB83 /* Debug */ = {
			isa = XCBuildConfiguration;
			buildSettings = {
				CODE_SIGN_STYLE = Automatic;
				CURRENT_PROJECT_VERSION = 1;
				DEVELOPMENT_TEAM = 4H2ZA5ZXK3;
				GENERATE_INFOPLIST_FILE = YES;
				MARKETING_VERSION = 1.0;
				PRODUCT_BUNDLE_IDENTIFIER = com.amina.TodoistUITests;
				PRODUCT_NAME = "$(TARGET_NAME)";
				SWIFT_EMIT_LOC_STRINGS = NO;
				SWIFT_VERSION = 5.0;
				TARGETED_DEVICE_FAMILY = "1,2";
				TEST_TARGET_NAME = Todoist;
			};
			name = Debug;
		};
		5EF8DD352ECB276B0097FB83 /* Release */ = {
			isa = XCBuildConfiguration;
			buildSettings = {
				CODE_SIGN_STYLE = Automatic;
				CURRENT_PROJECT_VERSION = 1;
				DEVELOPMENT_TEAM = 4H2ZA5ZXK3;
				GENERATE_INFOPLIST_FILE = YES;
				MARKETING_VERSION = 1.0;
				PRODUCT_BUNDLE_IDENTIFIER = com.amina.TodoistUITests;
				PRODUCT_NAME = "$(TARGET_NAME)";
				SWIFT_EMIT_LOC_STRINGS = NO;
				SWIFT_VERSION = 5.0;
				TARGETED_DEVICE_FAMILY = "1,2";
				TEST_TARGET_NAME = Todoist;
			};
			name = Release;
		};
/* End XCBuildConfiguration section */

/* Begin XCConfigurationList section */
		5EF8DD072ECB27690097FB83 /* Build configuration list for PBXProject "Todoist" */ = {
			isa = XCConfigurationList;
			buildConfigurations = (
				5EF8DD2B2ECB276B0097FB83 /* Debug */,
				5EF8DD2C2ECB276B0097FB83 /* Release */,
			);
			defaultConfigurationIsVisible = 0;
			defaultConfigurationName = Release;
		};
		5EF8DD2D2ECB276B0097FB83 /* Build configuration list for PBXNativeTarget "Todoist" */ = {
			isa = XCConfigurationList;
			buildConfigurations = (
				5EF8DD2E2ECB276B0097FB83 /* Debug */,
				5EF8DD2F2ECB276B0097FB83 /* Release */,
			);
			defaultConfigurationIsVisible = 0;
			defaultConfigurationName = Release;
		};
		5EF8DD302ECB276B0097FB83 /* Build configuration list for PBXNativeTarget "TodoistTests" */ = {
			isa = XCConfigurationList;
			buildConfigurations = (
				5EF8DD312ECB276B0097FB83 /* Debug */,
				5EF8DD322ECB276B0097FB83 /* Release */,
			);
			defaultConfigurationIsVisible = 0;
			defaultConfigurationName = Release;
		};
		5EF8DD332ECB276B0097FB83 /* Build configuration list for PBXNativeTarget "TodoistUITests" */ = {
			isa = XCConfigurationList;
			buildConfigurations = (
				5EF8DD342ECB276B0097FB83 /* Debug */,
				5EF8DD352ECB276B0097FB83 /* Release */,
			);
			defaultConfigurationIsVisible = 0;
			defaultConfigurationName = Release;
		};
/* End XCConfigurationList section */
	};
	rootObject = 5EF8DD042ECB27690097FB83 /* Project object */;
}
